// !$*UTF8*$!
{
	archiveVersion = 1;
	classes = {
	};
	objectVersion = 46;
	objects = {

/* Begin PBXBuildFile section */
		969204861C686BA300A83CC0 /* AppDelegate.swift in Sources */ = {isa = PBXBuildFile; fileRef = 969204851C686BA300A83CC0 /* AppDelegate.swift */; };
		969204881C686BA300A83CC0 /* ViewController.swift in Sources */ = {isa = PBXBuildFile; fileRef = 969204871C686BA300A83CC0 /* ViewController.swift */; };
		9692048B1C686BA300A83CC0 /* Main.storyboard in Resources */ = {isa = PBXBuildFile; fileRef = 969204891C686BA300A83CC0 /* Main.storyboard */; };
		9692048D1C686BA300A83CC0 /* Assets.xcassets in Resources */ = {isa = PBXBuildFile; fileRef = 9692048C1C686BA300A83CC0 /* Assets.xcassets */; };
		969204901C686BA300A83CC0 /* LaunchScreen.storyboard in Resources */ = {isa = PBXBuildFile; fileRef = 9692048E1C686BA300A83CC0 /* LaunchScreen.storyboard */; };
		9692049B1C686BA300A83CC0 /* googleTests.swift in Sources */ = {isa = PBXBuildFile; fileRef = 9692049A1C686BA300A83CC0 /* googleTests.swift */; };
		969204A61C686BA300A83CC0 /* googleUITests.swift in Sources */ = {isa = PBXBuildFile; fileRef = 969204A51C686BA300A83CC0 /* googleUITests.swift */; };
/* End PBXBuildFile section */

/* Begin PBXContainerItemProxy section */
		969204971C686BA300A83CC0 /* PBXContainerItemProxy */ = {
			isa = PBXContainerItemProxy;
			containerPortal = 9692047A1C686BA300A83CC0 /* Project object */;
			proxyType = 1;
			remoteGlobalIDString = 969204811C686BA300A83CC0;
			remoteInfo = google;
		};
		969204A21C686BA300A83CC0 /* PBXContainerItemProxy */ = {
			isa = PBXContainerItemProxy;
			containerPortal = 9692047A1C686BA300A83CC0 /* Project object */;
			proxyType = 1;
			remoteGlobalIDString = 969204811C686BA300A83CC0;
			remoteInfo = google;
		};
/* End PBXContainerItemProxy section */

/* Begin PBXFileReference section */
		969204821C686BA300A83CC0 /* google.app */ = {isa = PBXFileReference; explicitFileType = wrapper.application; includeInIndex = 0; path = google.app; sourceTree = BUILT_PRODUCTS_DIR; };
		969204851C686BA300A83CC0 /* AppDelegate.swift */ = {isa = PBXFileReference; lastKnownFileType = sourcecode.swift; path = AppDelegate.swift; sourceTree = "<group>"; };
		969204871C686BA300A83CC0 /* ViewController.swift */ = {isa = PBXFileReference; lastKnownFileType = sourcecode.swift; path = ViewController.swift; sourceTree = "<group>"; };
		9692048A1C686BA300A83CC0 /* Base */ = {isa = PBXFileReference; lastKnownFileType = file.storyboard; name = Base; path = Base.lproj/Main.storyboard; sourceTree = "<group>"; };
		9692048C1C686BA300A83CC0 /* Assets.xcassets */ = {isa = PBXFileReference; lastKnownFileType = folder.assetcatalog; path = Assets.xcassets; sourceTree = "<group>"; };
		9692048F1C686BA300A83CC0 /* Base */ = {isa = PBXFileReference; lastKnownFileType = file.storyboard; name = Base; path = Base.lproj/LaunchScreen.storyboard; sourceTree = "<group>"; };
		969204911C686BA300A83CC0 /* Info.plist */ = {isa = PBXFileReference; lastKnownFileType = text.plist.xml; path = Info.plist; sourceTree = "<group>"; };
		969204961C686BA300A83CC0 /* googleTests.xctest */ = {isa = PBXFileReference; explicitFileType = wrapper.cfbundle; includeInIndex = 0; path = googleTests.xctest; sourceTree = BUILT_PRODUCTS_DIR; };
		9692049A1C686BA300A83CC0 /* googleTests.swift */ = {isa = PBXFileReference; lastKnownFileType = sourcecode.swift; path = googleTests.swift; sourceTree = "<group>"; };
		9692049C1C686BA300A83CC0 /* Info.plist */ = {isa = PBXFileReference; lastKnownFileType = text.plist.xml; path = Info.plist; sourceTree = "<group>"; };
		969204A11C686BA300A83CC0 /* googleUITests.xctest */ = {isa = PBXFileReference; explicitFileType = wrapper.cfbundle; includeInIndex = 0; path = googleUITests.xctest; sourceTree = BUILT_PRODUCTS_DIR; };
		969204A51C686BA300A83CC0 /* googleUITests.swift */ = {isa = PBXFileReference; lastKnownFileType = sourcecode.swift; path = googleUITests.swift; sourceTree = "<group>"; };
		969204A71C686BA300A83CC0 /* Info.plist */ = {isa = PBXFileReference; lastKnownFileType = text.plist.xml; path = Info.plist; sourceTree = "<group>"; };
/* End PBXFileReference section */

/* Begin PBXFrameworksBuildPhase section */
		9692047F1C686BA300A83CC0 /* Frameworks */ = {
			isa = PBXFrameworksBuildPhase;
			buildActionMask = 2147483647;
			files = (
			);
			runOnlyForDeploymentPostprocessing = 0;
		};
		969204931C686BA300A83CC0 /* Frameworks */ = {
			isa = PBXFrameworksBuildPhase;
			buildActionMask = 2147483647;
			files = (
			);
			runOnlyForDeploymentPostprocessing = 0;
		};
		9692049E1C686BA300A83CC0 /* Frameworks */ = {
			isa = PBXFrameworksBuildPhase;
			buildActionMask = 2147483647;
			files = (
			);
			runOnlyForDeploymentPostprocessing = 0;
		};
/* End PBXFrameworksBuildPhase section */

/* Begin PBXGroup section */
		969204791C686BA300A83CC0 = {
			isa = PBXGroup;
			children = (
				969204841C686BA300A83CC0 /* google */,
				969204991C686BA300A83CC0 /* googleTests */,
				969204A41C686BA300A83CC0 /* googleUITests */,
				969204831C686BA300A83CC0 /* Products */,
			);
			sourceTree = "<group>";
		};
		969204831C686BA300A83CC0 /* Products */ = {
			isa = PBXGroup;
			children = (
				969204821C686BA300A83CC0 /* google.app */,
				969204961C686BA300A83CC0 /* googleTests.xctest */,
				969204A11C686BA300A83CC0 /* googleUITests.xctest */,
			);
			name = Products;
			sourceTree = "<group>";
		};
		969204841C686BA300A83CC0 /* google */ = {
			isa = PBXGroup;
			children = (
				969204851C686BA300A83CC0 /* AppDelegate.swift */,
				969204871C686BA300A83CC0 /* ViewController.swift */,
				969204891C686BA300A83CC0 /* Main.storyboard */,
				9692048C1C686BA300A83CC0 /* Assets.xcassets */,
				9692048E1C686BA300A83CC0 /* LaunchScreen.storyboard */,
				969204911C686BA300A83CC0 /* Info.plist */,
			);
			path = google;
			sourceTree = "<group>";
		};
		969204991C686BA300A83CC0 /* googleTests */ = {
			isa = PBXGroup;
			children = (
				9692049A1C686BA300A83CC0 /* googleTests.swift */,
				9692049C1C686BA300A83CC0 /* Info.plist */,
			);
			path = googleTests;
			sourceTree = "<group>";
		};
		969204A41C686BA300A83CC0 /* googleUITests */ = {
			isa = PBXGroup;
			children = (
				969204A51C686BA300A83CC0 /* googleUITests.swift */,
				969204A71C686BA300A83CC0 /* Info.plist */,
			);
			path = googleUITests;
			sourceTree = "<group>";
		};
/* End PBXGroup section */

/* Begin PBXNativeTarget section */
		969204811C686BA300A83CC0 /* google */ = {
			isa = PBXNativeTarget;
			buildConfigurationList = 969204AA1C686BA300A83CC0 /* Build configuration list for PBXNativeTarget "google" */;
			buildPhases = (
				9692047E1C686BA300A83CC0 /* Sources */,
				9692047F1C686BA300A83CC0 /* Frameworks */,
				969204801C686BA300A83CC0 /* Resources */,
			);
			buildRules = (
			);
			dependencies = (
			);
			name = google;
			productName = google;
			productReference = 969204821C686BA300A83CC0 /* google.app */;
			productType = "com.apple.product-type.application";
		};
		969204951C686BA300A83CC0 /* googleTests */ = {
			isa = PBXNativeTarget;
			buildConfigurationList = 969204AD1C686BA300A83CC0 /* Build configuration list for PBXNativeTarget "googleTests" */;
			buildPhases = (
				969204921C686BA300A83CC0 /* Sources */,
				969204931C686BA300A83CC0 /* Frameworks */,
				969204941C686BA300A83CC0 /* Resources */,
			);
			buildRules = (
			);
			dependencies = (
				969204981C686BA300A83CC0 /* PBXTargetDependency */,
			);
			name = googleTests;
			productName = googleTests;
			productReference = 969204961C686BA300A83CC0 /* googleTests.xctest */;
			productType = "com.apple.product-type.bundle.unit-test";
		};
		969204A01C686BA300A83CC0 /* googleUITests */ = {
			isa = PBXNativeTarget;
			buildConfigurationList = 969204B01C686BA300A83CC0 /* Build configuration list for PBXNativeTarget "googleUITests" */;
			buildPhases = (
				9692049D1C686BA300A83CC0 /* Sources */,
				9692049E1C686BA300A83CC0 /* Frameworks */,
				9692049F1C686BA300A83CC0 /* Resources */,
			);
			buildRules = (
			);
			dependencies = (
				969204A31C686BA300A83CC0 /* PBXTargetDependency */,
			);
			name = googleUITests;
			productName = googleUITests;
			productReference = 969204A11C686BA300A83CC0 /* googleUITests.xctest */;
			productType = "com.apple.product-type.bundle.ui-testing";
		};
/* End PBXNativeTarget section */

/* Begin PBXProject section */
		9692047A1C686BA300A83CC0 /* Project object */ = {
			isa = PBXProject;
			attributes = {
				LastSwiftUpdateCheck = 0720;
				LastUpgradeCheck = 0720;
				ORGANIZATIONNAME = "Jason Putorti";
				TargetAttributes = {
					969204811C686BA300A83CC0 = {
						CreatedOnToolsVersion = 7.2.1;
					};
					969204951C686BA300A83CC0 = {
						CreatedOnToolsVersion = 7.2.1;
						TestTargetID = 969204811C686BA300A83CC0;
					};
					969204A01C686BA300A83CC0 = {
						CreatedOnToolsVersion = 7.2.1;
						TestTargetID = 969204811C686BA300A83CC0;
					};
				};
			};
			buildConfigurationList = 9692047D1C686BA300A83CC0 /* Build configuration list for PBXProject "google" */;
			compatibilityVersion = "Xcode 3.2";
			developmentRegion = English;
			hasScannedForEncodings = 0;
			knownRegions = (
				en,
				Base,
			);
			mainGroup = 969204791C686BA300A83CC0;
			productRefGroup = 969204831C686BA300A83CC0 /* Products */;
			projectDirPath = "";
			projectRoot = "";
			targets = (
				969204811C686BA300A83CC0 /* google */,
				969204951C686BA300A83CC0 /* googleTests */,
				969204A01C686BA300A83CC0 /* googleUITests */,
			);
		};
/* End PBXProject section */

/* Begin PBXResourcesBuildPhase section */
		969204801C686BA300A83CC0 /* Resources */ = {
			isa = PBXResourcesBuildPhase;
			buildActionMask = 2147483647;
			files = (
				969204901C686BA300A83CC0 /* LaunchScreen.storyboard in Resources */,
				9692048D1C686BA300A83CC0 /* Assets.xcassets in Resources */,
				9692048B1C686BA300A83CC0 /* Main.storyboard in Resources */,
			);
			runOnlyForDeploymentPostprocessing = 0;
		};
		969204941C686BA300A83CC0 /* Resources */ = {
			isa = PBXResourcesBuildPhase;
			buildActionMask = 2147483647;
			files = (
			);
			runOnlyForDeploymentPostprocessing = 0;
		};
		9692049F1C686BA300A83CC0 /* Resources */ = {
			isa = PBXResourcesBuildPhase;
			buildActionMask = 2147483647;
			files = (
			);
			runOnlyForDeploymentPostprocessing = 0;
		};
/* End PBXResourcesBuildPhase section */

/* Begin PBXSourcesBuildPhase section */
		9692047E1C686BA300A83CC0 /* Sources */ = {
			isa = PBXSourcesBuildPhase;
			buildActionMask = 2147483647;
			files = (
				969204881C686BA300A83CC0 /* ViewController.swift in Sources */,
				969204861C686BA300A83CC0 /* AppDelegate.swift in Sources */,
			);
			runOnlyForDeploymentPostprocessing = 0;
		};
		969204921C686BA300A83CC0 /* Sources */ = {
			isa = PBXSourcesBuildPhase;
			buildActionMask = 2147483647;
			files = (
				9692049B1C686BA300A83CC0 /* googleTests.swift in Sources */,
			);
			runOnlyForDeploymentPostprocessing = 0;
		};
		9692049D1C686BA300A83CC0 /* Sources */ = {
			isa = PBXSourcesBuildPhase;
			buildActionMask = 2147483647;
			files = (
				969204A61C686BA300A83CC0 /* googleUITests.swift in Sources */,
			);
			runOnlyForDeploymentPostprocessing = 0;
		};
/* End PBXSourcesBuildPhase section */

/* Begin PBXTargetDependency section */
		969204981C686BA300A83CC0 /* PBXTargetDependency */ = {
			isa = PBXTargetDependency;
			target = 969204811C686BA300A83CC0 /* google */;
			targetProxy = 969204971C686BA300A83CC0 /* PBXContainerItemProxy */;
		};
		969204A31C686BA300A83CC0 /* PBXTargetDependency */ = {
			isa = PBXTargetDependency;
			target = 969204811C686BA300A83CC0 /* google */;
			targetProxy = 969204A21C686BA300A83CC0 /* PBXContainerItemProxy */;
		};
/* End PBXTargetDependency section */

/* Begin PBXVariantGroup section */
		969204891C686BA300A83CC0 /* Main.storyboard */ = {
			isa = PBXVariantGroup;
			children = (
				9692048A1C686BA300A83CC0 /* Base */,
			);
			name = Main.storyboard;
			sourceTree = "<group>";
		};
		9692048E1C686BA300A83CC0 /* LaunchScreen.storyboard */ = {
			isa = PBXVariantGroup;
			children = (
				9692048F1C686BA300A83CC0 /* Base */,
			);
			name = LaunchScreen.storyboard;
			sourceTree = "<group>";
		};
/* End PBXVariantGroup section */

/* Begin XCBuildConfiguration section */
		969204A81C686BA300A83CC0 /* Debug */ = {
			isa = XCBuildConfiguration;
			buildSettings = {
				ALWAYS_SEARCH_USER_PATHS = NO;
				CLANG_CXX_LANGUAGE_STANDARD = "gnu++0x";
				CLANG_CXX_LIBRARY = "libc++";
				CLANG_ENABLE_MODULES = YES;
				CLANG_ENABLE_OBJC_ARC = YES;
				CLANG_WARN_BOOL_CONVERSION = YES;
				CLANG_WARN_CONSTANT_CONVERSION = YES;
				CLANG_WARN_DIRECT_OBJC_ISA_USAGE = YES_ERROR;
				CLANG_WARN_EMPTY_BODY = YES;
				CLANG_WARN_ENUM_CONVERSION = YES;
				CLANG_WARN_INT_CONVERSION = YES;
				CLANG_WARN_OBJC_ROOT_CLASS = YES_ERROR;
				CLANG_WARN_UNREACHABLE_CODE = YES;
				CLANG_WARN__DUPLICATE_METHOD_MATCH = YES;
				"CODE_SIGN_IDENTITY[sdk=iphoneos*]" = "iPhone Developer";
				COPY_PHASE_STRIP = NO;
				DEBUG_INFORMATION_FORMAT = dwarf;
				ENABLE_STRICT_OBJC_MSGSEND = YES;
				ENABLE_TESTABILITY = YES;
				GCC_C_LANGUAGE_STANDARD = gnu99;
				GCC_DYNAMIC_NO_PIC = NO;
				GCC_NO_COMMON_BLOCKS = YES;
				GCC_OPTIMIZATION_LEVEL = 0;
				GCC_PREPROCESSOR_DEFINITIONS = (
					"DEBUG=1",
					"$(inherited)",
				);
				GCC_WARN_64_TO_32_BIT_CONVERSION = YES;
				GCC_WARN_ABOUT_RETURN_TYPE = YES_ERROR;
				GCC_WARN_UNDECLARED_SELECTOR = YES;
				GCC_WARN_UNINITIALIZED_AUTOS = YES_AGGRESSIVE;
				GCC_WARN_UNUSED_FUNCTION = YES;
				GCC_WARN_UNUSED_VARIABLE = YES;
				IPHONEOS_DEPLOYMENT_TARGET = 9.2;
				MTL_ENABLE_DEBUG_INFO = YES;
				ONLY_ACTIVE_ARCH = YES;
				SDKROOT = iphoneos;
				SWIFT_OPTIMIZATION_LEVEL = "-Onone";
				TARGETED_DEVICE_FAMILY = "1,2";
			};
			name = Debug;
		};
		969204A91C686BA300A83CC0 /* Release */ = {
			isa = XCBuildConfiguration;
			buildSettings = {
				ALWAYS_SEARCH_USER_PATHS = NO;
				CLANG_CXX_LANGUAGE_STANDARD = "gnu++0x";
				CLANG_CXX_LIBRARY = "libc++";
				CLANG_ENABLE_MODULES = YES;
				CLANG_ENABLE_OBJC_ARC = YES;
				CLANG_WARN_BOOL_CONVERSION = YES;
				CLANG_WARN_CONSTANT_CONVERSION = YES;
				CLANG_WARN_DIRECT_OBJC_ISA_USAGE = YES_ERROR;
				CLANG_WARN_EMPTY_BODY = YES;
				CLANG_WARN_ENUM_CONVERSION = YES;
				CLANG_WARN_INT_CONVERSION = YES;
				CLANG_WARN_OBJC_ROOT_CLASS = YES_ERROR;
				CLANG_WARN_UNREACHABLE_CODE = YES;
				CLANG_WARN__DUPLICATE_METHOD_MATCH = YES;
				"CODE_SIGN_IDENTITY[sdk=iphoneos*]" = "iPhone Developer";
				COPY_PHASE_STRIP = NO;
				DEBUG_INFORMATION_FORMAT = "dwarf-with-dsym";
				ENABLE_NS_ASSERTIONS = NO;
				ENABLE_STRICT_OBJC_MSGSEND = YES;
				GCC_C_LANGUAGE_STANDARD = gnu99;
				GCC_NO_COMMON_BLOCKS = YES;
				GCC_WARN_64_TO_32_BIT_CONVERSION = YES;
				GCC_WARN_ABOUT_RETURN_TYPE = YES_ERROR;
				GCC_WARN_UNDECLARED_SELECTOR = YES;
				GCC_WARN_UNINITIALIZED_AUTOS = YES_AGGRESSIVE;
				GCC_WARN_UNUSED_FUNCTION = YES;
				GCC_WARN_UNUSED_VARIABLE = YES;
				IPHONEOS_DEPLOYMENT_TARGET = 9.2;
				MTL_ENABLE_DEBUG_INFO = NO;
				SDKROOT = iphoneos;
				TARGETED_DEVICE_FAMILY = "1,2";
				VALIDATE_PRODUCT = YES;
			};
			name = Release;
		};
		969204AB1C686BA300A83CC0 /* Debug */ = {
			isa = XCBuildConfiguration;
			buildSettings = {
				ASSETCATALOG_COMPILER_APPICON_NAME = AppIcon;
				INFOPLIST_FILE = google/Info.plist;
				LD_RUNPATH_SEARCH_PATHS = "$(inherited) @executable_path/Frameworks";
				PRODUCT_BUNDLE_IDENTIFIER = Codepath.google;
				PRODUCT_NAME = "$(TARGET_NAME)";
			};
			name = Debug;
		};
		969204AC1C686BA300A83CC0 /* Release */ = {
			isa = XCBuildConfiguration;
			buildSettings = {
				ASSETCATALOG_COMPILER_APPICON_NAME = AppIcon;
				INFOPLIST_FILE = google/Info.plist;
				LD_RUNPATH_SEARCH_PATHS = "$(inherited) @executable_path/Frameworks";
				PRODUCT_BUNDLE_IDENTIFIER = Codepath.google;
				PRODUCT_NAME = "$(TARGET_NAME)";
			};
			name = Release;
		};
		969204AE1C686BA300A83CC0 /* Debug */ = {
			isa = XCBuildConfiguration;
			buildSettings = {
				BUNDLE_LOADER = "$(TEST_HOST)";
				INFOPLIST_FILE = googleTests/Info.plist;
				LD_RUNPATH_SEARCH_PATHS = "$(inherited) @executable_path/Frameworks @loader_path/Frameworks";
				PRODUCT_BUNDLE_IDENTIFIER = Codepath.googleTests;
				PRODUCT_NAME = "$(TARGET_NAME)";
				TEST_HOST = "$(BUILT_PRODUCTS_DIR)/google.app/google";
			};
			name = Debug;
		};
		969204AF1C686BA300A83CC0 /* Release */ = {
			isa = XCBuildConfiguration;
			buildSettings = {
				BUNDLE_LOADER = "$(TEST_HOST)";
				INFOPLIST_FILE = googleTests/Info.plist;
				LD_RUNPATH_SEARCH_PATHS = "$(inherited) @executable_path/Frameworks @loader_path/Frameworks";
				PRODUCT_BUNDLE_IDENTIFIER = Codepath.googleTests;
				PRODUCT_NAME = "$(TARGET_NAME)";
				TEST_HOST = "$(BUILT_PRODUCTS_DIR)/google.app/google";
			};
			name = Release;
		};
		969204B11C686BA300A83CC0 /* Debug */ = {
			isa = XCBuildConfiguration;
			buildSettings = {
				INFOPLIST_FILE = googleUITests/Info.plist;
				LD_RUNPATH_SEARCH_PATHS = "$(inherited) @executable_path/Frameworks @loader_path/Frameworks";
				PRODUCT_BUNDLE_IDENTIFIER = Codepath.googleUITests;
				PRODUCT_NAME = "$(TARGET_NAME)";
				TEST_TARGET_NAME = google;
				USES_XCTRUNNER = YES;
			};
			name = Debug;
		};
		969204B21C686BA300A83CC0 /* Release */ = {
			isa = XCBuildConfiguration;
			buildSettings = {
				INFOPLIST_FILE = googleUITests/Info.plist;
				LD_RUNPATH_SEARCH_PATHS = "$(inherited) @executable_path/Frameworks @loader_path/Frameworks";
				PRODUCT_BUNDLE_IDENTIFIER = Codepath.googleUITests;
				PRODUCT_NAME = "$(TARGET_NAME)";
				TEST_TARGET_NAME = google;
				USES_XCTRUNNER = YES;
			};
			name = Release;
		};
/* End XCBuildConfiguration section */

/* Begin XCConfigurationList section */
		9692047D1C686BA300A83CC0 /* Build configuration list for PBXProject "google" */ = {
			isa = XCConfigurationList;
			buildConfigurations = (
				969204A81C686BA300A83CC0 /* Debug */,
				969204A91C686BA300A83CC0 /* Release */,
			);
			defaultConfigurationIsVisible = 0;
			defaultConfigurationName = Release;
		};
		969204AA1C686BA300A83CC0 /* Build configuration list for PBXNativeTarget "google" */ = {
			isa = XCConfigurationList;
			buildConfigurations = (
				969204AB1C686BA300A83CC0 /* Debug */,
				969204AC1C686BA300A83CC0 /* Release */,
			);
			defaultConfigurationIsVisible = 0;
		};
		969204AD1C686BA300A83CC0 /* Build configuration list for PBXNativeTarget "googleTests" */ = {
			isa = XCConfigurationList;
			buildConfigurations = (
				969204AE1C686BA300A83CC0 /* Debug */,
				969204AF1C686BA300A83CC0 /* Release */,
			);
			defaultConfigurationIsVisible = 0;
		};
		969204B01C686BA300A83CC0 /* Build configuration list for PBXNativeTarget "googleUITests" */ = {
			isa = XCConfigurationList;
			buildConfigurations = (
				969204B11C686BA300A83CC0 /* Debug */,
				969204B21C686BA300A83CC0 /* Release */,
			);
			defaultConfigurationIsVisible = 0;
		};
/* End XCConfigurationList section */
	};
	rootObject = 9692047A1C686BA300A83CC0 /* Project object */;
}
